{
  "requires": true,
  "lockfileVersion": 1,
  "dependencies": {
    "react-use-websocket": {
      "version": "2.8.0",
      "resolved": "https://registry.npmjs.org/react-use-websocket/-/react-use-websocket-2.8.0.tgz",
      "integrity": "sha512-0J1gsX7NFTsZYBBfAQo9vKjIyGE/uxBfb0p8yq6Iza+rZF3mQocj3kkIJujFiXCYQIBt00pWJzNj+YI5srfxZg=="
    }
  }
}
